// !$*UTF8*$!
{
	archiveVersion = 1;
	classes = {
	};
	objectVersion = 46;
	objects = {

/* Begin PBXBuildFile section */
		18F7611A1E136B7000FDA17F /* AppDelegate.swift in Sources */ = {isa = PBXBuildFile; fileRef = 18F761191E136B7000FDA17F /* AppDelegate.swift */; };
		18F7611C1E136B7000FDA17F /* art.scnassets in Resources */ = {isa = PBXBuildFile; fileRef = 18F7611B1E136B7000FDA17F /* art.scnassets */; };
		18F7611E1E136B7000FDA17F /* GameViewController.swift in Sources */ = {isa = PBXBuildFile; fileRef = 18F7611D1E136B7000FDA17F /* GameViewController.swift */; };
		18F761211E136B7000FDA17F /* Main.storyboard in Resources */ = {isa = PBXBuildFile; fileRef = 18F7611F1E136B7000FDA17F /* Main.storyboard */; };
		18F761231E136B7000FDA17F /* Assets.xcassets in Resources */ = {isa = PBXBuildFile; fileRef = 18F761221E136B7000FDA17F /* Assets.xcassets */; };
		18F761261E136B7000FDA17F /* LaunchScreen.storyboard in Resources */ = {isa = PBXBuildFile; fileRef = 18F761241E136B7000FDA17F /* LaunchScreen.storyboard */; };
/* End PBXBuildFile section */

/* Begin PBXFileReference section */
		18F761161E136B7000FDA17F /* myFirstGame.app */ = {isa = PBXFileReference; explicitFileType = wrapper.application; includeInIndex = 0; path = myFirstGame.app; sourceTree = BUILT_PRODUCTS_DIR; };
		18F761191E136B7000FDA17F /* AppDelegate.swift */ = {isa = PBXFileReference; lastKnownFileType = sourcecode.swift; path = AppDelegate.swift; sourceTree = "<group>"; };
		18F7611B1E136B7000FDA17F /* art.scnassets */ = {isa = PBXFileReference; lastKnownFileType = wrapper.scnassets; path = art.scnassets; sourceTree = "<group>"; };
		18F7611D1E136B7000FDA17F /* GameViewController.swift */ = {isa = PBXFileReference; lastKnownFileType = sourcecode.swift; path = GameViewController.swift; sourceTree = "<group>"; };
		18F761201E136B7000FDA17F /* Base */ = {isa = PBXFileReference; lastKnownFileType = file.storyboard; name = Base; path = Base.lproj/Main.storyboard; sourceTree = "<group>"; };
		18F761221E136B7000FDA17F /* Assets.xcassets */ = {isa = PBXFileReference; lastKnownFileType = folder.assetcatalog; path = Assets.xcassets; sourceTree = "<group>"; };
		18F761251E136B7000FDA17F /* Base */ = {isa = PBXFileReference; lastKnownFileType = file.storyboard; name = Base; path = Base.lproj/LaunchScreen.storyboard; sourceTree = "<group>"; };
		18F761271E136B7000FDA17F /* Info.plist */ = {isa = PBXFileReference; lastKnownFileType = text.plist.xml; path = Info.plist; sourceTree = "<group>"; };
/* End PBXFileReference section */

/* Begin PBXFrameworksBuildPhase section */
		18F761131E136B7000FDA17F /* Frameworks */ = {
			isa = PBXFrameworksBuildPhase;
			buildActionMask = 2147483647;
			files = (
			);
			runOnlyForDeploymentPostprocessing = 0;
		};
/* End PBXFrameworksBuildPhase section */

/* Begin PBXGroup section */
		18F7610D1E136B6F00FDA17F = {
			isa = PBXGroup;
			children = (
				18F761181E136B7000FDA17F /* myFirstGame */,
				18F761171E136B7000FDA17F /* Products */,
			);
			sourceTree = "<group>";
		};
		18F761171E136B7000FDA17F /* Products */ = {
			isa = PBXGroup;
			children = (
				18F761161E136B7000FDA17F /* myFirstGame.app */,
			);
			name = Products;
			sourceTree = "<group>";
		};
		18F761181E136B7000FDA17F /* myFirstGame */ = {
			isa = PBXGroup;
			children = (
				18F761191E136B7000FDA17F /* AppDelegate.swift */,
				18F7611B1E136B7000FDA17F /* art.scnassets */,
				18F7611D1E136B7000FDA17F /* GameViewController.swift */,
				18F7611F1E136B7000FDA17F /* Main.storyboard */,
				18F761221E136B7000FDA17F /* Assets.xcassets */,
				18F761241E136B7000FDA17F /* LaunchScreen.storyboard */,
				18F761271E136B7000FDA17F /* Info.plist */,
			);
			path = myFirstGame;
			sourceTree = "<group>";
		};
/* End PBXGroup section */

/* Begin PBXNativeTarget section */
		18F761151E136B7000FDA17F /* myFirstGame */ = {
			isa = PBXNativeTarget;
			buildConfigurationList = 18F7612A1E136B7000FDA17F /* Build configuration list for PBXNativeTarget "myFirstGame" */;
			buildPhases = (
				18F761121E136B7000FDA17F /* Sources */,
				18F761131E136B7000FDA17F /* Frameworks */,
				18F761141E136B7000FDA17F /* Resources */,
			);
			buildRules = (
			);
			dependencies = (
			);
			name = myFirstGame;
			productName = myFirstGame;
			productReference = 18F761161E136B7000FDA17F /* myFirstGame.app */;
			productType = "com.apple.product-type.application";
		};
/* End PBXNativeTarget section */

/* Begin PBXProject section */
		18F7610E1E136B6F00FDA17F /* Project object */ = {
			isa = PBXProject;
			attributes = {
				LastSwiftUpdateCheck = 0820;
				LastUpgradeCheck = 0820;
				ORGANIZATIONNAME = "松井　里衣";
				TargetAttributes = {
					18F761151E136B7000FDA17F = {
						CreatedOnToolsVersion = 8.2;
						ProvisioningStyle = Automatic;
					};
				};
			};
			buildConfigurationList = 18F761111E136B6F00FDA17F /* Build configuration list for PBXProject "myFirstGame" */;
			compatibilityVersion = "Xcode 3.2";
			developmentRegion = English;
			hasScannedForEncodings = 0;
			knownRegions = (
				en,
				Base,
			);
			mainGroup = 18F7610D1E136B6F00FDA17F;
			productRefGroup = 18F761171E136B7000FDA17F /* Products */;
			projectDirPath = "";
			projectRoot = "";
			targets = (
				18F761151E136B7000FDA17F /* myFirstGame */,
			);
		};
/* End PBXProject section */

/* Begin PBXResourcesBuildPhase section */
		18F761141E136B7000FDA17F /* Resources */ = {
			isa = PBXResourcesBuildPhase;
			buildActionMask = 2147483647;
			files = (
				18F7611C1E136B7000FDA17F /* art.scnassets in Resources */,
				18F761261E136B7000FDA17F /* LaunchScreen.storyboard in Resources */,
				18F761231E136B7000FDA17F /* Assets.xcassets in Resources */,
				18F761211E136B7000FDA17F /* Main.storyboard in Resources */,
			);
			runOnlyForDeploymentPostprocessing = 0;
		};
/* End PBXResourcesBuildPhase section */

/* Begin PBXSourcesBuildPhase section */
		18F761121E136B7000FDA17F /* Sources */ = {
			isa = PBXSourcesBuildPhase;
			buildActionMask = 2147483647;
			files = (
				18F7611E1E136B7000FDA17F /* GameViewController.swift in Sources */,
				18F7611A1E136B7000FDA17F /* AppDelegate.swift in Sources */,
			);
			runOnlyForDeploymentPostprocessing = 0;
		};
/* End PBXSourcesBuildPhase section */

/* Begin PBXVariantGroup section */
		18F7611F1E136B7000FDA17F /* Main.storyboard */ = {
			isa = PBXVariantGroup;
			children = (
				18F761201E136B7000FDA17F /* Base */,
			);
			name = Main.storyboard;
			sourceTree = "<group>";
		};
		18F761241E136B7000FDA17F /* LaunchScreen.storyboard */ = {
			isa = PBXVariantGroup;
			children = (
				18F761251E136B7000FDA17F /* Base */,
			);
			name = LaunchScreen.storyboard;
			sourceTree = "<group>";
		};
/* End PBXVariantGroup section */

/* Begin XCBuildConfiguration section */
		18F761281E136B7000FDA17F /* Debug */ = {
			isa = XCBuildConfiguration;
			buildSettings = {
				ALWAYS_SEARCH_USER_PATHS = NO;
				CLANG_ANALYZER_NONNULL = YES;
				CLANG_CXX_LANGUAGE_STANDARD = "gnu++0x";
				CLANG_CXX_LIBRARY = "libc++";
				CLANG_ENABLE_MODULES = YES;
				CLANG_ENABLE_OBJC_ARC = YES;
				CLANG_WARN_BOOL_CONVERSION = YES;
				CLANG_WARN_CONSTANT_CONVERSION = YES;
				CLANG_WARN_DIRECT_OBJC_ISA_USAGE = YES_ERROR;
				CLANG_WARN_DOCUMENTATION_COMMENTS = YES;
				CLANG_WARN_EMPTY_BODY = YES;
				CLANG_WARN_ENUM_CONVERSION = YES;
				CLANG_WARN_INFINITE_RECURSION = YES;
				CLANG_WARN_INT_CONVERSION = YES;
				CLANG_WARN_OBJC_ROOT_CLASS = YES_ERROR;
				CLANG_WARN_SUSPICIOUS_MOVE = YES;
				CLANG_WARN_UNREACHABLE_CODE = YES;
				CLANG_WARN__DUPLICATE_METHOD_MATCH = YES;
				"CODE_SIGN_IDENTITY[sdk=iphoneos*]" = "iPhone Developer";
				COPY_PHASE_STRIP = NO;
				DEBUG_INFORMATION_FORMAT = dwarf;
				ENABLE_STRICT_OBJC_MSGSEND = YES;
				ENABLE_TESTABILITY = YES;
				GCC_C_LANGUAGE_STANDARD = gnu99;
				GCC_DYNAMIC_NO_PIC = NO;
				GCC_NO_COMMON_BLOCKS = YES;
				GCC_OPTIMIZATION_LEVEL = 0;
				GCC_PREPROCESSOR_DEFINITIONS = (
					"DEBUG=1",
					"$(inherited)",
				);
				GCC_WARN_64_TO_32_BIT_CONVERSION = YES;
				GCC_WARN_ABOUT_RETURN_TYPE = YES_ERROR;
				GCC_WARN_UNDECLARED_SELECTOR = YES;
				GCC_WARN_UNINITIALIZED_AUTOS = YES_AGGRESSIVE;
				GCC_WARN_UNUSED_FUNCTION = YES;
				GCC_WARN_UNUSED_VARIABLE = YES;
				IPHONEOS_DEPLOYMENT_TARGET = 10.2;
				MTL_ENABLE_DEBUG_INFO = YES;
				ONLY_ACTIVE_ARCH = YES;
				SDKROOT = iphoneos;
				SWIFT_ACTIVE_COMPILATION_CONDITIONS = DEBUG;
				SWIFT_OPTIMIZATION_LEVEL = "-Onone";
			};
			name = Debug;
		};
		18F761291E136B7000FDA17F /* Release */ = {
			isa = XCBuildConfiguration;
			buildSettings = {
				ALWAYS_SEARCH_USER_PATHS = NO;
				CLANG_ANALYZER_NONNULL = YES;
				CLANG_CXX_LANGUAGE_STANDARD = "gnu++0x";
				CLANG_CXX_LIBRARY = "libc++";
				CLANG_ENABLE_MODULES = YES;
				CLANG_ENABLE_OBJC_ARC = YES;
				CLANG_WARN_BOOL_CONVERSION = YES;
				CLANG_WARN_CONSTANT_CONVERSION = YES;
				CLANG_WARN_DIRECT_OBJC_ISA_USAGE = YES_ERROR;
				CLANG_WARN_DOCUMENTATION_COMMENTS = YES;
				CLANG_WARN_EMPTY_BODY = YES;
				CLANG_WARN_ENUM_CONVERSION = YES;
				CLANG_WARN_INFINITE_RECURSION = YES;
				CLANG_WARN_INT_CONVERSION = YES;
				CLANG_WARN_OBJC_ROOT_CLASS = YES_ERROR;
				CLANG_WARN_SUSPICIOUS_MOVE = YES;
				CLANG_WARN_UNREACHABLE_CODE = YES;
				CLANG_WARN__DUPLICATE_METHOD_MATCH = YES;
				"CODE_SIGN_IDENTITY[sdk=iphoneos*]" = "iPhone Developer";
				COPY_PHASE_STRIP = NO;
				DEBUG_INFORMATION_FORMAT = "dwarf-with-dsym";
				ENABLE_NS_ASSERTIONS = NO;
				ENABLE_STRICT_OBJC_MSGSEND = YES;
				GCC_C_LANGUAGE_STANDARD = gnu99;
				GCC_NO_COMMON_BLOCKS = YES;
				GCC_WARN_64_TO_32_BIT_CONVERSION = YES;
				GCC_WARN_ABOUT_RETURN_TYPE = YES_ERROR;
				GCC_WARN_UNDECLARED_SELECTOR = YES;
				GCC_WARN_UNINITIALIZED_AUTOS = YES_AGGRESSIVE;
				GCC_WARN_UNUSED_FUNCTION = YES;
				GCC_WARN_UNUSED_VARIABLE = YES;
				IPHONEOS_DEPLOYMENT_TARGET = 10.2;
				MTL_ENABLE_DEBUG_INFO = NO;
				SDKROOT = iphoneos;
				SWIFT_OPTIMIZATION_LEVEL = "-Owholemodule";
				VALIDATE_PRODUCT = YES;
			};
			name = Release;
		};
		18F7612B1E136B7000FDA17F /* Debug */ = {
			isa = XCBuildConfiguration;
			buildSettings = {
				ASSETCATALOG_COMPILER_APPICON_NAME = AppIcon;
				INFOPLIST_FILE = myFirstGame/Info.plist;
				LD_RUNPATH_SEARCH_PATHS = "$(inherited) @executable_path/Frameworks";
				PRODUCT_BUNDLE_IDENTIFIER = jp.matsui.myFirstGame;
				PRODUCT_NAME = "$(TARGET_NAME)";
				SWIFT_VERSION = 3.0;
			};
			name = Debug;
		};
		18F7612C1E136B7000FDA17F /* Release */ = {
			isa = XCBuildConfiguration;
			buildSettings = {
				ASSETCATALOG_COMPILER_APPICON_NAME = AppIcon;
				INFOPLIST_FILE = myFirstGame/Info.plist;
				LD_RUNPATH_SEARCH_PATHS = "$(inherited) @executable_path/Frameworks";
				PRODUCT_BUNDLE_IDENTIFIER = jp.matsui.myFirstGame;
				PRODUCT_NAME = "$(TARGET_NAME)";
				SWIFT_VERSION = 3.0;
			};
			name = Release;
		};
/* End XCBuildConfiguration section */

/* Begin XCConfigurationList section */
		18F761111E136B6F00FDA17F /* Build configuration list for PBXProject "myFirstGame" */ = {
			isa = XCConfigurationList;
			buildConfigurations = (
				18F761281E136B7000FDA17F /* Debug */,
				18F761291E136B7000FDA17F /* Release */,
			);
			defaultConfigurationIsVisible = 0;
			defaultConfigurationName = Release;
		};
		18F7612A1E136B7000FDA17F /* Build configuration list for PBXNativeTarget "myFirstGame" */ = {
			isa = XCConfigurationList;
			buildConfigurations = (
				18F7612B1E136B7000FDA17F /* Debug */,
				18F7612C1E136B7000FDA17F /* Release */,
			);
			defaultConfigurationIsVisible = 0;
		};
/* End XCConfigurationList section */
	};
	rootObject = 18F7610E1E136B6F00FDA17F /* Project object */;
}
